
Microsoft Visual Studio Solution File, Format Version 12.00
# Visual Studio 15
Project("{FAE04EC0-301F-11D3-BF4B-00C04F79EFBC}") = "MorphTest", "MorphTest.csproj", "{9595074A-7C4D-4140-A701-ABA313270B86}"
EndProject
Global
	GlobalSection(SolutionConfigurationPlatforms) = preSolution
		Debug|anycpu = Debug|anycpu
		Release|anycpu = Release|anycpu
	EndGlobalSection
	GlobalSection(ProjectConfigurationPlatforms) = postSolution
		{9595074A-7C4D-4140-A701-ABA313270B86}.Debug|anycpu.ActiveCfg = Debug|anycpu
		{9595074A-7C4D-4140-A701-ABA313270B86}.Debug|anycpu.Build.0 = Debug|anycpu
		{9595074A-7C4D-4140-A701-ABA313270B86}.Release|anycpu.ActiveCfg = Release|anycpu
		{9595074A-7C4D-4140-A701-ABA313270B86}.Release|anycpu.Build.0 = Release|anycpu
	EndGlobalSection
EndGlobal
